// !$*UTF8*$!
{
	archiveVersion = 1;
	classes = {
	};
	objectVersion = 55;
	objects = {

/* Begin PBXBuildFile section */
		DD52AB8828B1E2EE0063F450 /* SudokuApp.swift in Sources */ = {isa = PBXBuildFile; fileRef = DD52AB8728B1E2EE0063F450 /* SudokuApp.swift */; };
		DD52AB8A28B1E2EE0063F450 /* SudokuDocument.swift in Sources */ = {isa = PBXBuildFile; fileRef = DD52AB8928B1E2EE0063F450 /* SudokuDocument.swift */; };
		DD52AB8C28B1E2EE0063F450 /* ContentView.swift in Sources */ = {isa = PBXBuildFile; fileRef = DD52AB8B28B1E2EE0063F450 /* ContentView.swift */; };
		DD52AB8E28B1E2EF0063F450 /* Assets.xcassets in Resources */ = {isa = PBXBuildFile; fileRef = DD52AB8D28B1E2EF0063F450 /* Assets.xcassets */; };
		DD52AB9128B1E2EF0063F450 /* Preview Assets.xcassets in Resources */ = {isa = PBXBuildFile; fileRef = DD52AB9028B1E2EF0063F450 /* Preview Assets.xcassets */; };
		DD52AB9D28B1E2EF0063F450 /* SudokuTests.swift in Sources */ = {isa = PBXBuildFile; fileRef = DD52AB9C28B1E2EF0063F450 /* SudokuTests.swift */; };
		DD52ABA728B1E2EF0063F450 /* SudokuUITests.swift in Sources */ = {isa = PBXBuildFile; fileRef = DD52ABA628B1E2EF0063F450 /* SudokuUITests.swift */; };
		DD52ABA928B1E2EF0063F450 /* SudokuUITestsLaunchTests.swift in Sources */ = {isa = PBXBuildFile; fileRef = DD52ABA828B1E2EF0063F450 /* SudokuUITestsLaunchTests.swift */; };
/* End PBXBuildFile section */

/* Begin PBXContainerItemProxy section */
		DD52AB9928B1E2EF0063F450 /* PBXContainerItemProxy */ = {
			isa = PBXContainerItemProxy;
			containerPortal = DD52AB7C28B1E2EE0063F450 /* Project object */;
			proxyType = 1;
			remoteGlobalIDString = DD52AB8328B1E2EE0063F450;
			remoteInfo = Sudoku;
		};
		DD52ABA328B1E2EF0063F450 /* PBXContainerItemProxy */ = {
			isa = PBXContainerItemProxy;
			containerPortal = DD52AB7C28B1E2EE0063F450 /* Project object */;
			proxyType = 1;
			remoteGlobalIDString = DD52AB8328B1E2EE0063F450;
			remoteInfo = Sudoku;
		};
/* End PBXContainerItemProxy section */

/* Begin PBXFileReference section */
		DD52AB8428B1E2EE0063F450 /* Sudoku.app */ = {isa = PBXFileReference; explicitFileType = wrapper.application; includeInIndex = 0; path = Sudoku.app; sourceTree = BUILT_PRODUCTS_DIR; };
		DD52AB8728B1E2EE0063F450 /* SudokuApp.swift */ = {isa = PBXFileReference; lastKnownFileType = sourcecode.swift; path = SudokuApp.swift; sourceTree = "<group>"; };
		DD52AB8928B1E2EE0063F450 /* SudokuDocument.swift */ = {isa = PBXFileReference; lastKnownFileType = sourcecode.swift; path = SudokuDocument.swift; sourceTree = "<group>"; };
		DD52AB8B28B1E2EE0063F450 /* ContentView.swift */ = {isa = PBXFileReference; lastKnownFileType = sourcecode.swift; path = ContentView.swift; sourceTree = "<group>"; };
		DD52AB8D28B1E2EF0063F450 /* Assets.xcassets */ = {isa = PBXFileReference; lastKnownFileType = folder.assetcatalog; path = Assets.xcassets; sourceTree = "<group>"; };
		DD52AB9028B1E2EF0063F450 /* Preview Assets.xcassets */ = {isa = PBXFileReference; lastKnownFileType = folder.assetcatalog; path = "Preview Assets.xcassets"; sourceTree = "<group>"; };
		DD52AB9228B1E2EF0063F450 /* Info.plist */ = {isa = PBXFileReference; lastKnownFileType = text.plist.xml; path = Info.plist; sourceTree = "<group>"; };
		DD52AB9328B1E2EF0063F450 /* Sudoku.entitlements */ = {isa = PBXFileReference; lastKnownFileType = text.plist.entitlements; path = Sudoku.entitlements; sourceTree = "<group>"; };
		DD52AB9828B1E2EF0063F450 /* SudokuTests.xctest */ = {isa = PBXFileReference; explicitFileType = wrapper.cfbundle; includeInIndex = 0; path = SudokuTests.xctest; sourceTree = BUILT_PRODUCTS_DIR; };
		DD52AB9C28B1E2EF0063F450 /* SudokuTests.swift */ = {isa = PBXFileReference; lastKnownFileType = sourcecode.swift; path = SudokuTests.swift; sourceTree = "<group>"; };
		DD52ABA228B1E2EF0063F450 /* SudokuUITests.xctest */ = {isa = PBXFileReference; explicitFileType = wrapper.cfbundle; includeInIndex = 0; path = SudokuUITests.xctest; sourceTree = BUILT_PRODUCTS_DIR; };
		DD52ABA628B1E2EF0063F450 /* SudokuUITests.swift */ = {isa = PBXFileReference; lastKnownFileType = sourcecode.swift; path = SudokuUITests.swift; sourceTree = "<group>"; };
		DD52ABA828B1E2EF0063F450 /* SudokuUITestsLaunchTests.swift */ = {isa = PBXFileReference; lastKnownFileType = sourcecode.swift; path = SudokuUITestsLaunchTests.swift; sourceTree = "<group>"; };
/* End PBXFileReference section */

/* Begin PBXFrameworksBuildPhase section */
		DD52AB8128B1E2EE0063F450 /* Frameworks */ = {
			isa = PBXFrameworksBuildPhase;
			buildActionMask = 2147483647;
			files = (
			);
			runOnlyForDeploymentPostprocessing = 0;
		};
		DD52AB9528B1E2EF0063F450 /* Frameworks */ = {
			isa = PBXFrameworksBuildPhase;
			buildActionMask = 2147483647;
			files = (
			);
			runOnlyForDeploymentPostprocessing = 0;
		};
		DD52AB9F28B1E2EF0063F450 /* Frameworks */ = {
			isa = PBXFrameworksBuildPhase;
			buildActionMask = 2147483647;
			files = (
			);
			runOnlyForDeploymentPostprocessing = 0;
		};
/* End PBXFrameworksBuildPhase section */

/* Begin PBXGroup section */
		DD52AB7B28B1E2EE0063F450 = {
			isa = PBXGroup;
			children = (
				DD52AB8628B1E2EE0063F450 /* Sudoku */,
				DD52AB9B28B1E2EF0063F450 /* SudokuTests */,
				DD52ABA528B1E2EF0063F450 /* SudokuUITests */,
				DD52AB8528B1E2EE0063F450 /* Products */,
			);
			sourceTree = "<group>";
		};
		DD52AB8528B1E2EE0063F450 /* Products */ = {
			isa = PBXGroup;
			children = (
				DD52AB8428B1E2EE0063F450 /* Sudoku.app */,
				DD52AB9828B1E2EF0063F450 /* SudokuTests.xctest */,
				DD52ABA228B1E2EF0063F450 /* SudokuUITests.xctest */,
			);
			name = Products;
			sourceTree = "<group>";
		};
		DD52AB8628B1E2EE0063F450 /* Sudoku */ = {
			isa = PBXGroup;
			children = (
				DD52AB8728B1E2EE0063F450 /* SudokuApp.swift */,
				DD52AB8928B1E2EE0063F450 /* SudokuDocument.swift */,
				DD52AB8B28B1E2EE0063F450 /* ContentView.swift */,
				DD52AB8D28B1E2EF0063F450 /* Assets.xcassets */,
				DD52AB9228B1E2EF0063F450 /* Info.plist */,
				DD52AB9328B1E2EF0063F450 /* Sudoku.entitlements */,
				DD52AB8F28B1E2EF0063F450 /* Preview Content */,
			);
			path = Sudoku;
			sourceTree = "<group>";
		};
		DD52AB8F28B1E2EF0063F450 /* Preview Content */ = {
			isa = PBXGroup;
			children = (
				DD52AB9028B1E2EF0063F450 /* Preview Assets.xcassets */,
			);
			path = "Preview Content";
			sourceTree = "<group>";
		};
		DD52AB9B28B1E2EF0063F450 /* SudokuTests */ = {
			isa = PBXGroup;
			children = (
				DD52AB9C28B1E2EF0063F450 /* SudokuTests.swift */,
			);
			path = SudokuTests;
			sourceTree = "<group>";
		};
		DD52ABA528B1E2EF0063F450 /* SudokuUITests */ = {
			isa = PBXGroup;
			children = (
				DD52ABA628B1E2EF0063F450 /* SudokuUITests.swift */,
				DD52ABA828B1E2EF0063F450 /* SudokuUITestsLaunchTests.swift */,
			);
			path = SudokuUITests;
			sourceTree = "<group>";
		};
/* End PBXGroup section */

/* Begin PBXNativeTarget section */
		DD52AB8328B1E2EE0063F450 /* Sudoku */ = {
			isa = PBXNativeTarget;
			buildConfigurationList = DD52ABAC28B1E2EF0063F450 /* Build configuration list for PBXNativeTarget "Sudoku" */;
			buildPhases = (
				DD52AB8028B1E2EE0063F450 /* Sources */,
				DD52AB8128B1E2EE0063F450 /* Frameworks */,
				DD52AB8228B1E2EE0063F450 /* Resources */,
			);
			buildRules = (
			);
			dependencies = (
			);
			name = Sudoku;
			productName = Sudoku;
			productReference = DD52AB8428B1E2EE0063F450 /* Sudoku.app */;
			productType = "com.apple.product-type.application";
		};
		DD52AB9728B1E2EF0063F450 /* SudokuTests */ = {
			isa = PBXNativeTarget;
			buildConfigurationList = DD52ABAF28B1E2EF0063F450 /* Build configuration list for PBXNativeTarget "SudokuTests" */;
			buildPhases = (
				DD52AB9428B1E2EF0063F450 /* Sources */,
				DD52AB9528B1E2EF0063F450 /* Frameworks */,
				DD52AB9628B1E2EF0063F450 /* Resources */,
			);
			buildRules = (
			);
			dependencies = (
				DD52AB9A28B1E2EF0063F450 /* PBXTargetDependency */,
			);
			name = SudokuTests;
			productName = SudokuTests;
			productReference = DD52AB9828B1E2EF0063F450 /* SudokuTests.xctest */;
			productType = "com.apple.product-type.bundle.unit-test";
		};
		DD52ABA128B1E2EF0063F450 /* SudokuUITests */ = {
			isa = PBXNativeTarget;
			buildConfigurationList = DD52ABB228B1E2EF0063F450 /* Build configuration list for PBXNativeTarget "SudokuUITests" */;
			buildPhases = (
				DD52AB9E28B1E2EF0063F450 /* Sources */,
				DD52AB9F28B1E2EF0063F450 /* Frameworks */,
				DD52ABA028B1E2EF0063F450 /* Resources */,
			);
			buildRules = (
			);
			dependencies = (
				DD52ABA428B1E2EF0063F450 /* PBXTargetDependency */,
			);
			name = SudokuUITests;
			productName = SudokuUITests;
			productReference = DD52ABA228B1E2EF0063F450 /* SudokuUITests.xctest */;
			productType = "com.apple.product-type.bundle.ui-testing";
		};
/* End PBXNativeTarget section */

/* Begin PBXProject section */
		DD52AB7C28B1E2EE0063F450 /* Project object */ = {
			isa = PBXProject;
			attributes = {
				BuildIndependentTargetsInParallel = 1;
				LastSwiftUpdateCheck = 1340;
				LastUpgradeCheck = 1340;
				TargetAttributes = {
					DD52AB8328B1E2EE0063F450 = {
						CreatedOnToolsVersion = 13.4.1;
					};
					DD52AB9728B1E2EF0063F450 = {
						CreatedOnToolsVersion = 13.4.1;
						TestTargetID = DD52AB8328B1E2EE0063F450;
					};
					DD52ABA128B1E2EF0063F450 = {
						CreatedOnToolsVersion = 13.4.1;
						TestTargetID = DD52AB8328B1E2EE0063F450;
					};
				};
			};
			buildConfigurationList = DD52AB7F28B1E2EE0063F450 /* Build configuration list for PBXProject "Sudoku" */;
			compatibilityVersion = "Xcode 13.0";
			developmentRegion = en;
			hasScannedForEncodings = 0;
			knownRegions = (
				en,
				Base,
			);
			mainGroup = DD52AB7B28B1E2EE0063F450;
			productRefGroup = DD52AB8528B1E2EE0063F450 /* Products */;
			projectDirPath = "";
			projectRoot = "";
			targets = (
				DD52AB8328B1E2EE0063F450 /* Sudoku */,
				DD52AB9728B1E2EF0063F450 /* SudokuTests */,
				DD52ABA128B1E2EF0063F450 /* SudokuUITests */,
			);
		};
/* End PBXProject section */

/* Begin PBXResourcesBuildPhase section */
		DD52AB8228B1E2EE0063F450 /* Resources */ = {
			isa = PBXResourcesBuildPhase;
			buildActionMask = 2147483647;
			files = (
				DD52AB9128B1E2EF0063F450 /* Preview Assets.xcassets in Resources */,
				DD52AB8E28B1E2EF0063F450 /* Assets.xcassets in Resources */,
			);
			runOnlyForDeploymentPostprocessing = 0;
		};
		DD52AB9628B1E2EF0063F450 /* Resources */ = {
			isa = PBXResourcesBuildPhase;
			buildActionMask = 2147483647;
			files = (
			);
			runOnlyForDeploymentPostprocessing = 0;
		};
		DD52ABA028B1E2EF0063F450 /* Resources */ = {
			isa = PBXResourcesBuildPhase;
			buildActionMask = 2147483647;
			files = (
			);
			runOnlyForDeploymentPostprocessing = 0;
		};
/* End PBXResourcesBuildPhase section */

/* Begin PBXSourcesBuildPhase section */
		DD52AB8028B1E2EE0063F450 /* Sources */ = {
			isa = PBXSourcesBuildPhase;
			buildActionMask = 2147483647;
			files = (
				DD52AB8828B1E2EE0063F450 /* SudokuApp.swift in Sources */,
				DD52AB8A28B1E2EE0063F450 /* SudokuDocument.swift in Sources */,
				DD52AB8C28B1E2EE0063F450 /* ContentView.swift in Sources */,
			);
			runOnlyForDeploymentPostprocessing = 0;
		};
		DD52AB9428B1E2EF0063F450 /* Sources */ = {
			isa = PBXSourcesBuildPhase;
			buildActionMask = 2147483647;
			files = (
				DD52AB9D28B1E2EF0063F450 /* SudokuTests.swift in Sources */,
			);
			runOnlyForDeploymentPostprocessing = 0;
		};
		DD52AB9E28B1E2EF0063F450 /* Sources */ = {
			isa = PBXSourcesBuildPhase;
			buildActionMask = 2147483647;
			files = (
				DD52ABA728B1E2EF0063F450 /* SudokuUITests.swift in Sources */,
				DD52ABA928B1E2EF0063F450 /* SudokuUITestsLaunchTests.swift in Sources */,
			);
			runOnlyForDeploymentPostprocessing = 0;
		};
/* End PBXSourcesBuildPhase section */

/* Begin PBXTargetDependency section */
		DD52AB9A28B1E2EF0063F450 /* PBXTargetDependency */ = {
			isa = PBXTargetDependency;
			target = DD52AB8328B1E2EE0063F450 /* Sudoku */;
			targetProxy = DD52AB9928B1E2EF0063F450 /* PBXContainerItemProxy */;
		};
		DD52ABA428B1E2EF0063F450 /* PBXTargetDependency */ = {
			isa = PBXTargetDependency;
			target = DD52AB8328B1E2EE0063F450 /* Sudoku */;
			targetProxy = DD52ABA328B1E2EF0063F450 /* PBXContainerItemProxy */;
		};
/* End PBXTargetDependency section */

/* Begin XCBuildConfiguration section */
		DD52ABAA28B1E2EF0063F450 /* Debug */ = {
			isa = XCBuildConfiguration;
			buildSettings = {
				ALWAYS_SEARCH_USER_PATHS = NO;
				CLANG_ANALYZER_NONNULL = YES;
				CLANG_ANALYZER_NUMBER_OBJECT_CONVERSION = YES_AGGRESSIVE;
				CLANG_CXX_LANGUAGE_STANDARD = "gnu++17";
				CLANG_ENABLE_MODULES = YES;
				CLANG_ENABLE_OBJC_ARC = YES;
				CLANG_ENABLE_OBJC_WEAK = YES;
				CLANG_WARN_BLOCK_CAPTURE_AUTORELEASING = YES;
				CLANG_WARN_BOOL_CONVERSION = YES;
				CLANG_WARN_COMMA = YES;
				CLANG_WARN_CONSTANT_CONVERSION = YES;
				CLANG_WARN_DEPRECATED_OBJC_IMPLEMENTATIONS = YES;
				CLANG_WARN_DIRECT_OBJC_ISA_USAGE = YES_ERROR;
				CLANG_WARN_DOCUMENTATION_COMMENTS = YES;
				CLANG_WARN_EMPTY_BODY = YES;
				CLANG_WARN_ENUM_CONVERSION = YES;
				CLANG_WARN_INFINITE_RECURSION = YES;
				CLANG_WARN_INT_CONVERSION = YES;
				CLANG_WARN_NON_LITERAL_NULL_CONVERSION = YES;
				CLANG_WARN_OBJC_IMPLICIT_RETAIN_SELF = YES;
				CLANG_WARN_OBJC_LITERAL_CONVERSION = YES;
				CLANG_WARN_OBJC_ROOT_CLASS = YES_ERROR;
				CLANG_WARN_QUOTED_INCLUDE_IN_FRAMEWORK_HEADER = YES;
				CLANG_WARN_RANGE_LOOP_ANALYSIS = YES;
				CLANG_WARN_STRICT_PROTOTYPES = YES;
				CLANG_WARN_SUSPICIOUS_MOVE = YES;
				CLANG_WARN_UNGUARDED_AVAILABILITY = YES_AGGRESSIVE;
				CLANG_WARN_UNREACHABLE_CODE = YES;
				CLANG_WARN__DUPLICATE_METHOD_MATCH = YES;
				COPY_PHASE_STRIP = NO;
				DEBUG_INFORMATION_FORMAT = dwarf;
				ENABLE_STRICT_OBJC_MSGSEND = YES;
				ENABLE_TESTABILITY = YES;
				GCC_C_LANGUAGE_STANDARD = gnu11;
				GCC_DYNAMIC_NO_PIC = NO;
				GCC_NO_COMMON_BLOCKS = YES;
				GCC_OPTIMIZATION_LEVEL = 0;
				GCC_PREPROCESSOR_DEFINITIONS = (
					"DEBUG=1",
					"$(inherited)",
				);
				GCC_WARN_64_TO_32_BIT_CONVERSION = YES;
				GCC_WARN_ABOUT_RETURN_TYPE = YES_ERROR;
				GCC_WARN_UNDECLARED_SELECTOR = YES;
				GCC_WARN_UNINITIALIZED_AUTOS = YES_AGGRESSIVE;
				GCC_WARN_UNUSED_FUNCTION = YES;
				GCC_WARN_UNUSED_VARIABLE = YES;
				MACOSX_DEPLOYMENT_TARGET = 12.3;
				MTL_ENABLE_DEBUG_INFO = INCLUDE_SOURCE;
				MTL_FAST_MATH = YES;
				ONLY_ACTIVE_ARCH = YES;
				SDKROOT = macosx;
				SWIFT_ACTIVE_COMPILATION_CONDITIONS = DEBUG;
				SWIFT_OPTIMIZATION_LEVEL = "-Onone";
			};
			name = Debug;
		};
		DD52ABAB28B1E2EF0063F450 /* Release */ = {
			isa = XCBuildConfiguration;
			buildSettings = {
				ALWAYS_SEARCH_USER_PATHS = NO;
				CLANG_ANALYZER_NONNULL = YES;
				CLANG_ANALYZER_NUMBER_OBJECT_CONVERSION = YES_AGGRESSIVE;
				CLANG_CXX_LANGUAGE_STANDARD = "gnu++17";
				CLANG_ENABLE_MODULES = YES;
				CLANG_ENABLE_OBJC_ARC = YES;
				CLANG_ENABLE_OBJC_WEAK = YES;
				CLANG_WARN_BLOCK_CAPTURE_AUTORELEASING = YES;
				CLANG_WARN_BOOL_CONVERSION = YES;
				CLANG_WARN_COMMA = YES;
				CLANG_WARN_CONSTANT_CONVERSION = YES;
				CLANG_WARN_DEPRECATED_OBJC_IMPLEMENTATIONS = YES;
				CLANG_WARN_DIRECT_OBJC_ISA_USAGE = YES_ERROR;
				CLANG_WARN_DOCUMENTATION_COMMENTS = YES;
				CLANG_WARN_EMPTY_BODY = YES;
				CLANG_WARN_ENUM_CONVERSION = YES;
				CLANG_WARN_INFINITE_RECURSION = YES;
				CLANG_WARN_INT_CONVERSION = YES;
				CLANG_WARN_NON_LITERAL_NULL_CONVERSION = YES;
				CLANG_WARN_OBJC_IMPLICIT_RETAIN_SELF = YES;
				CLANG_WARN_OBJC_LITERAL_CONVERSION = YES;
				CLANG_WARN_OBJC_ROOT_CLASS = YES_ERROR;
				CLANG_WARN_QUOTED_INCLUDE_IN_FRAMEWORK_HEADER = YES;
				CLANG_WARN_RANGE_LOOP_ANALYSIS = YES;
				CLANG_WARN_STRICT_PROTOTYPES = YES;
				CLANG_WARN_SUSPICIOUS_MOVE = YES;
				CLANG_WARN_UNGUARDED_AVAILABILITY = YES_AGGRESSIVE;
				CLANG_WARN_UNREACHABLE_CODE = YES;
				CLANG_WARN__DUPLICATE_METHOD_MATCH = YES;
				COPY_PHASE_STRIP = NO;
				DEBUG_INFORMATION_FORMAT = "dwarf-with-dsym";
				ENABLE_NS_ASSERTIONS = NO;
				ENABLE_STRICT_OBJC_MSGSEND = YES;
				GCC_C_LANGUAGE_STANDARD = gnu11;
				GCC_NO_COMMON_BLOCKS = YES;
				GCC_WARN_64_TO_32_BIT_CONVERSION = YES;
				GCC_WARN_ABOUT_RETURN_TYPE = YES_ERROR;
				GCC_WARN_UNDECLARED_SELECTOR = YES;
				GCC_WARN_UNINITIALIZED_AUTOS = YES_AGGRESSIVE;
				GCC_WARN_UNUSED_FUNCTION = YES;
				GCC_WARN_UNUSED_VARIABLE = YES;
				MACOSX_DEPLOYMENT_TARGET = 12.3;
				MTL_ENABLE_DEBUG_INFO = NO;
				MTL_FAST_MATH = YES;
				SDKROOT = macosx;
				SWIFT_COMPILATION_MODE = wholemodule;
				SWIFT_OPTIMIZATION_LEVEL = "-O";
			};
			name = Release;
		};
		DD52ABAD28B1E2EF0063F450 /* Debug */ = {
			isa = XCBuildConfiguration;
			buildSettings = {
				ASSETCATALOG_COMPILER_APPICON_NAME = AppIcon;
				ASSETCATALOG_COMPILER_GLOBAL_ACCENT_COLOR_NAME = AccentColor;
				CODE_SIGN_ENTITLEMENTS = Sudoku/Sudoku.entitlements;
				CODE_SIGN_STYLE = Automatic;
				COMBINE_HIDPI_IMAGES = YES;
				CURRENT_PROJECT_VERSION = 1;
				DEVELOPMENT_ASSET_PATHS = "\"Sudoku/Preview Content\"";
				DEVELOPMENT_TEAM = G66PZJ94HJ;
				ENABLE_HARDENED_RUNTIME = YES;
				ENABLE_PREVIEWS = YES;
				GENERATE_INFOPLIST_FILE = YES;
				INFOPLIST_FILE = Sudoku/Info.plist;
				INFOPLIST_KEY_NSHumanReadableCopyright = "";
				LD_RUNPATH_SEARCH_PATHS = (
					"$(inherited)",
					"@executable_path/../Frameworks",
				);
				MARKETING_VERSION = 1.0;
				PRODUCT_BUNDLE_IDENTIFIER = com.matzsoft.Sudoku;
				PRODUCT_NAME = "$(TARGET_NAME)";
				SWIFT_EMIT_LOC_STRINGS = YES;
				SWIFT_VERSION = 5.0;
			};
			name = Debug;
		};
		DD52ABAE28B1E2EF0063F450 /* Release */ = {
			isa = XCBuildConfiguration;
			buildSettings = {
				ASSETCATALOG_COMPILER_APPICON_NAME = AppIcon;
				ASSETCATALOG_COMPILER_GLOBAL_ACCENT_COLOR_NAME = AccentColor;
				CODE_SIGN_ENTITLEMENTS = Sudoku/Sudoku.entitlements;
				CODE_SIGN_STYLE = Automatic;
				COMBINE_HIDPI_IMAGES = YES;
				CURRENT_PROJECT_VERSION = 1;
				DEVELOPMENT_ASSET_PATHS = "\"Sudoku/Preview Content\"";
				DEVELOPMENT_TEAM = G66PZJ94HJ;
				ENABLE_HARDENED_RUNTIME = YES;
				ENABLE_PREVIEWS = YES;
				GENERATE_INFOPLIST_FILE = YES;
				INFOPLIST_FILE = Sudoku/Info.plist;
				INFOPLIST_KEY_NSHumanReadableCopyright = "";
				LD_RUNPATH_SEARCH_PATHS = (
					"$(inherited)",
					"@executable_path/../Frameworks",
				);
				MARKETING_VERSION = 1.0;
				PRODUCT_BUNDLE_IDENTIFIER = com.matzsoft.Sudoku;
				PRODUCT_NAME = "$(TARGET_NAME)";
				SWIFT_EMIT_LOC_STRINGS = YES;
				SWIFT_VERSION = 5.0;
			};
			name = Release;
		};
		DD52ABB028B1E2EF0063F450 /* Debug */ = {
			isa = XCBuildConfiguration;
			buildSettings = {
				ALWAYS_EMBED_SWIFT_STANDARD_LIBRARIES = YES;
				BUNDLE_LOADER = "$(TEST_HOST)";
				CODE_SIGN_STYLE = Automatic;
				CURRENT_PROJECT_VERSION = 1;
				DEVELOPMENT_TEAM = G66PZJ94HJ;
				GENERATE_INFOPLIST_FILE = YES;
				MACOSX_DEPLOYMENT_TARGET = 12.3;
				MARKETING_VERSION = 1.0;
				PRODUCT_BUNDLE_IDENTIFIER = com.matzsoft.SudokuTests;
				PRODUCT_NAME = "$(TARGET_NAME)";
				SWIFT_EMIT_LOC_STRINGS = NO;
				SWIFT_VERSION = 5.0;
				TEST_HOST = "$(BUILT_PRODUCTS_DIR)/Sudoku.app/Contents/MacOS/Sudoku";
			};
			name = Debug;
		};
		DD52ABB128B1E2EF0063F450 /* Release */ = {
			isa = XCBuildConfiguration;
			buildSettings = {
				ALWAYS_EMBED_SWIFT_STANDARD_LIBRARIES = YES;
				BUNDLE_LOADER = "$(TEST_HOST)";
				CODE_SIGN_STYLE = Automatic;
				CURRENT_PROJECT_VERSION = 1;
				DEVELOPMENT_TEAM = G66PZJ94HJ;
				GENERATE_INFOPLIST_FILE = YES;
				MACOSX_DEPLOYMENT_TARGET = 12.3;
				MARKETING_VERSION = 1.0;
				PRODUCT_BUNDLE_IDENTIFIER = com.matzsoft.SudokuTests;
				PRODUCT_NAME = "$(TARGET_NAME)";
				SWIFT_EMIT_LOC_STRINGS = NO;
				SWIFT_VERSION = 5.0;
				TEST_HOST = "$(BUILT_PRODUCTS_DIR)/Sudoku.app/Contents/MacOS/Sudoku";
			};
			name = Release;
		};
		DD52ABB328B1E2EF0063F450 /* Debug */ = {
			isa = XCBuildConfiguration;
			buildSettings = {
				ALWAYS_EMBED_SWIFT_STANDARD_LIBRARIES = YES;
				CODE_SIGN_STYLE = Automatic;
				CURRENT_PROJECT_VERSION = 1;
				DEVELOPMENT_TEAM = G66PZJ94HJ;
				GENERATE_INFOPLIST_FILE = YES;
				MARKETING_VERSION = 1.0;
				PRODUCT_BUNDLE_IDENTIFIER = com.matzsoft.SudokuUITests;
				PRODUCT_NAME = "$(TARGET_NAME)";
				SWIFT_EMIT_LOC_STRINGS = NO;
				SWIFT_VERSION = 5.0;
				TEST_TARGET_NAME = Sudoku;
			};
			name = Debug;
		};
		DD52ABB428B1E2EF0063F450 /* Release */ = {
			isa = XCBuildConfiguration;
			buildSettings = {
				ALWAYS_EMBED_SWIFT_STANDARD_LIBRARIES = YES;
				CODE_SIGN_STYLE = Automatic;
				CURRENT_PROJECT_VERSION = 1;
				DEVELOPMENT_TEAM = G66PZJ94HJ;
				GENERATE_INFOPLIST_FILE = YES;
				MARKETING_VERSION = 1.0;
				PRODUCT_BUNDLE_IDENTIFIER = com.matzsoft.SudokuUITests;
				PRODUCT_NAME = "$(TARGET_NAME)";
				SWIFT_EMIT_LOC_STRINGS = NO;
				SWIFT_VERSION = 5.0;
				TEST_TARGET_NAME = Sudoku;
			};
			name = Release;
		};
/* End XCBuildConfiguration section */

/* Begin XCConfigurationList section */
		DD52AB7F28B1E2EE0063F450 /* Build configuration list for PBXProject "Sudoku" */ = {
			isa = XCConfigurationList;
			buildConfigurations = (
				DD52ABAA28B1E2EF0063F450 /* Debug */,
				DD52ABAB28B1E2EF0063F450 /* Release */,
			);
			defaultConfigurationIsVisible = 0;
			defaultConfigurationName = Release;
		};
		DD52ABAC28B1E2EF0063F450 /* Build configuration list for PBXNativeTarget "Sudoku" */ = {
			isa = XCConfigurationList;
			buildConfigurations = (
				DD52ABAD28B1E2EF0063F450 /* Debug */,
				DD52ABAE28B1E2EF0063F450 /* Release */,
			);
			defaultConfigurationIsVisible = 0;
			defaultConfigurationName = Release;
		};
		DD52ABAF28B1E2EF0063F450 /* Build configuration list for PBXNativeTarget "SudokuTests" */ = {
			isa = XCConfigurationList;
			buildConfigurations = (
				DD52ABB028B1E2EF0063F450 /* Debug */,
				DD52ABB128B1E2EF0063F450 /* Release */,
			);
			defaultConfigurationIsVisible = 0;
			defaultConfigurationName = Release;
		};
		DD52ABB228B1E2EF0063F450 /* Build configuration list for PBXNativeTarget "SudokuUITests" */ = {
			isa = XCConfigurationList;
			buildConfigurations = (
				DD52ABB328B1E2EF0063F450 /* Debug */,
				DD52ABB428B1E2EF0063F450 /* Release */,
			);
			defaultConfigurationIsVisible = 0;
			defaultConfigurationName = Release;
		};
/* End XCConfigurationList section */
	};
	rootObject = DD52AB7C28B1E2EE0063F450 /* Project object */;
}
